
Microsoft Visual Studio Solution File, Format Version 12.00
# Visual Studio Version 17
VisualStudioVersion = 17.0.31903.59
MinimumVisualStudioVersion = 10.0.40219.1
Project("{2150E333-8FDC-42A3-9474-1A3956D46DE8}") = "src", "src", "{5181ED24-46B4-444A-BC5E-9E8CF05EE7F9}"
EndProject
Project("{2150E333-8FDC-42A3-9474-1A3956D46DE8}") = "main", "main", "{0B2CD53E-3058-4DAB-980F-AC9EB2A96833}"
EndProject
Project("{2150E333-8FDC-42A3-9474-1A3956D46DE8}") = "java", "java", "{6C6C1C0A-8123-4845-A940-BD9EC6BF7C0B}"
EndProject
Project("{2150E333-8FDC-42A3-9474-1A3956D46DE8}") = "com", "com", "{D5E263C1-0229-4AB7-9AFB-E45326B1C17B}"
EndProject
Project("{2150E333-8FDC-42A3-9474-1A3956D46DE8}") = "iluwatar", "iluwatar", "{9591F429-9927-4B1C-B689-E69F8FE34C49}"
EndProject
Project("{2150E333-8FDC-42A3-9474-1A3956D46DE8}") = "typeobject", "typeobject", "{BE650586-3BFB-4367-A8E7-B780C54FA796}"
EndProject
Project("{FAE04EC0-301F-11D3-BF4B-00C04F79EFBC}") = "Type-Object", "src\main\java\com\iluwatar\typeobject\Type-Object\Type-Object.csproj", "{43405776-58E9-4AC7-8746-0EAFD97F92E0}"
EndProject
Project("{2150E333-8FDC-42A3-9474-1A3956D46DE8}") = "test", "test", "{0EE70E58-84C3-4B02-A290-36D85551871B}"
EndProject
Project("{2150E333-8FDC-42A3-9474-1A3956D46DE8}") = "java", "java", "{53071A20-4322-44D8-AF40-B5609C101AA6}"
EndProject
Project("{2150E333-8FDC-42A3-9474-1A3956D46DE8}") = "com", "com", "{201D50D3-224F-4DC1-9EDF-CE3531C1C9EC}"
EndProject
Project("{2150E333-8FDC-42A3-9474-1A3956D46DE8}") = "iluwatar", "iluwatar", "{2DFD0766-A1A9-4EFB-84F3-6C73394A8EF9}"
EndProject
Project("{2150E333-8FDC-42A3-9474-1A3956D46DE8}") = "typeobject", "typeobject", "{AC33DA27-675E-4CFE-AEE2-6C999686AECE}"
EndProject
Project("{FAE04EC0-301F-11D3-BF4B-00C04F79EFBC}") = "Type-Object.Tests", "src\test\java\com\iluwatar\typeobject\Type-Object.Tests\Type-Object.Tests.csproj", "{A9060F5C-2244-44A5-AE9E-02686AB2A5D6}"
EndProject
Global
	GlobalSection(SolutionConfigurationPlatforms) = preSolution
		Debug|Any CPU = Debug|Any CPU
		Release|Any CPU = Release|Any CPU
	EndGlobalSection
	GlobalSection(SolutionProperties) = preSolution
		HideSolutionNode = FALSE
	EndGlobalSection
	GlobalSection(ProjectConfigurationPlatforms) = postSolution
		{43405776-58E9-4AC7-8746-0EAFD97F92E0}.Debug|Any CPU.ActiveCfg = Debug|Any CPU
		{43405776-58E9-4AC7-8746-0EAFD97F92E0}.Debug|Any CPU.Build.0 = Debug|Any CPU
		{43405776-58E9-4AC7-8746-0EAFD97F92E0}.Release|Any CPU.ActiveCfg = Release|Any CPU
		{43405776-58E9-4AC7-8746-0EAFD97F92E0}.Release|Any CPU.Build.0 = Release|Any CPU
		{A9060F5C-2244-44A5-AE9E-02686AB2A5D6}.Debug|Any CPU.ActiveCfg = Debug|Any CPU
		{A9060F5C-2244-44A5-AE9E-02686AB2A5D6}.Debug|Any CPU.Build.0 = Debug|Any CPU
		{A9060F5C-2244-44A5-AE9E-02686AB2A5D6}.Release|Any CPU.ActiveCfg = Release|Any CPU
		{A9060F5C-2244-44A5-AE9E-02686AB2A5D6}.Release|Any CPU.Build.0 = Release|Any CPU
	EndGlobalSection
	GlobalSection(NestedProjects) = preSolution
		{0B2CD53E-3058-4DAB-980F-AC9EB2A96833} = {5181ED24-46B4-444A-BC5E-9E8CF05EE7F9}
		{6C6C1C0A-8123-4845-A940-BD9EC6BF7C0B} = {0B2CD53E-3058-4DAB-980F-AC9EB2A96833}
		{D5E263C1-0229-4AB7-9AFB-E45326B1C17B} = {6C6C1C0A-8123-4845-A940-BD9EC6BF7C0B}
		{9591F429-9927-4B1C-B689-E69F8FE34C49} = {D5E263C1-0229-4AB7-9AFB-E45326B1C17B}
		{BE650586-3BFB-4367-A8E7-B780C54FA796} = {9591F429-9927-4B1C-B689-E69F8FE34C49}
		{43405776-58E9-4AC7-8746-0EAFD97F92E0} = {BE650586-3BFB-4367-A8E7-B780C54FA796}
		{0EE70E58-84C3-4B02-A290-36D85551871B} = {5181ED24-46B4-444A-BC5E-9E8CF05EE7F9}
		{53071A20-4322-44D8-AF40-B5609C101AA6} = {0EE70E58-84C3-4B02-A290-36D85551871B}
		{201D50D3-224F-4DC1-9EDF-CE3531C1C9EC} = {53071A20-4322-44D8-AF40-B5609C101AA6}
		{2DFD0766-A1A9-4EFB-84F3-6C73394A8EF9} = {201D50D3-224F-4DC1-9EDF-CE3531C1C9EC}
		{AC33DA27-675E-4CFE-AEE2-6C999686AECE} = {2DFD0766-A1A9-4EFB-84F3-6C73394A8EF9}
		{A9060F5C-2244-44A5-AE9E-02686AB2A5D6} = {AC33DA27-675E-4CFE-AEE2-6C999686AECE}
	EndGlobalSection
EndGlobal
