
Microsoft Visual Studio Solution File, Format Version 12.00
# Visual Studio Version 17
VisualStudioVersion = 17.0.31903.59
MinimumVisualStudioVersion = 10.0.40219.1
Project("{2150E333-8FDC-42A3-9474-1A3956D46DE8}") = "src", "src", "{86FD5CF4-5B26-4F04-B398-FD18F7CEC6D2}"
EndProject
Project("{2150E333-8FDC-42A3-9474-1A3956D46DE8}") = "main", "main", "{195A3422-F696-4A5A-B8E8-7E5CEF1747D4}"
EndProject
Project("{2150E333-8FDC-42A3-9474-1A3956D46DE8}") = "java", "java", "{D73AF25F-7ED6-44C9-B74D-E62D01C09BF0}"
EndProject
Project("{2150E333-8FDC-42A3-9474-1A3956D46DE8}") = "com", "com", "{9CF26BA2-6E27-4C69-98B2-254ED01A56BF}"
EndProject
Project("{2150E333-8FDC-42A3-9474-1A3956D46DE8}") = "iluwatar", "iluwatar", "{968CDCF0-B3F7-44D3-80B9-C174C9ACE9A0}"
EndProject
Project("{2150E333-8FDC-42A3-9474-1A3956D46DE8}") = "producer", "producer", "{8F7CF171-8326-4A34-B486-A9E3B09B65C5}"
EndProject
Project("{2150E333-8FDC-42A3-9474-1A3956D46DE8}") = "consumer", "consumer", "{B9CDE5FB-2BC6-422A-AF00-7E4391B9093E}"
EndProject
Project("{FAE04EC0-301F-11D3-BF4B-00C04F79EFBC}") = "Producer-Consumer", "src\main\java\com\iluwatar\producer\consumer\Producer-Consumer\Producer-Consumer.csproj", "{01828525-FA41-43D7-9B23-53BA013D62EA}"
EndProject
Project("{2150E333-8FDC-42A3-9474-1A3956D46DE8}") = "test", "test", "{6BB4C849-4E3B-4559-BC6C-837A264818DE}"
EndProject
Project("{2150E333-8FDC-42A3-9474-1A3956D46DE8}") = "java", "java", "{20EC87A6-8F42-4397-B845-F9B8D2E7F68E}"
EndProject
Project("{2150E333-8FDC-42A3-9474-1A3956D46DE8}") = "com", "com", "{E6E160DD-FFF5-4FA4-B8D9-FF1D7B0F98FC}"
EndProject
Project("{2150E333-8FDC-42A3-9474-1A3956D46DE8}") = "iluwatar", "iluwatar", "{78AA0A71-32AD-4D38-9F1C-7AF8C9D69A70}"
EndProject
Project("{2150E333-8FDC-42A3-9474-1A3956D46DE8}") = "producer", "producer", "{E1D8DE44-0BCE-4A6C-8301-379F4066BE77}"
EndProject
Project("{2150E333-8FDC-42A3-9474-1A3956D46DE8}") = "consumer", "consumer", "{76083CA2-528A-4A2D-BF2F-CC4210AA93FE}"
EndProject
Project("{FAE04EC0-301F-11D3-BF4B-00C04F79EFBC}") = "Producer-Consumer.Tests", "src\test\java\com\iluwatar\producer\consumer\Producer-Consumer.Tests\Producer-Consumer.Tests.csproj", "{BCFC8B1D-D16A-4163-B5A1-A38459261473}"
EndProject
Global
	GlobalSection(SolutionConfigurationPlatforms) = preSolution
		Debug|Any CPU = Debug|Any CPU
		Release|Any CPU = Release|Any CPU
	EndGlobalSection
	GlobalSection(SolutionProperties) = preSolution
		HideSolutionNode = FALSE
	EndGlobalSection
	GlobalSection(ProjectConfigurationPlatforms) = postSolution
		{01828525-FA41-43D7-9B23-53BA013D62EA}.Debug|Any CPU.ActiveCfg = Debug|Any CPU
		{01828525-FA41-43D7-9B23-53BA013D62EA}.Debug|Any CPU.Build.0 = Debug|Any CPU
		{01828525-FA41-43D7-9B23-53BA013D62EA}.Release|Any CPU.ActiveCfg = Release|Any CPU
		{01828525-FA41-43D7-9B23-53BA013D62EA}.Release|Any CPU.Build.0 = Release|Any CPU
		{BCFC8B1D-D16A-4163-B5A1-A38459261473}.Debug|Any CPU.ActiveCfg = Debug|Any CPU
		{BCFC8B1D-D16A-4163-B5A1-A38459261473}.Debug|Any CPU.Build.0 = Debug|Any CPU
		{BCFC8B1D-D16A-4163-B5A1-A38459261473}.Release|Any CPU.ActiveCfg = Release|Any CPU
		{BCFC8B1D-D16A-4163-B5A1-A38459261473}.Release|Any CPU.Build.0 = Release|Any CPU
	EndGlobalSection
	GlobalSection(NestedProjects) = preSolution
		{195A3422-F696-4A5A-B8E8-7E5CEF1747D4} = {86FD5CF4-5B26-4F04-B398-FD18F7CEC6D2}
		{D73AF25F-7ED6-44C9-B74D-E62D01C09BF0} = {195A3422-F696-4A5A-B8E8-7E5CEF1747D4}
		{9CF26BA2-6E27-4C69-98B2-254ED01A56BF} = {D73AF25F-7ED6-44C9-B74D-E62D01C09BF0}
		{968CDCF0-B3F7-44D3-80B9-C174C9ACE9A0} = {9CF26BA2-6E27-4C69-98B2-254ED01A56BF}
		{8F7CF171-8326-4A34-B486-A9E3B09B65C5} = {968CDCF0-B3F7-44D3-80B9-C174C9ACE9A0}
		{B9CDE5FB-2BC6-422A-AF00-7E4391B9093E} = {8F7CF171-8326-4A34-B486-A9E3B09B65C5}
		{01828525-FA41-43D7-9B23-53BA013D62EA} = {B9CDE5FB-2BC6-422A-AF00-7E4391B9093E}
		{6BB4C849-4E3B-4559-BC6C-837A264818DE} = {86FD5CF4-5B26-4F04-B398-FD18F7CEC6D2}
		{20EC87A6-8F42-4397-B845-F9B8D2E7F68E} = {6BB4C849-4E3B-4559-BC6C-837A264818DE}
		{E6E160DD-FFF5-4FA4-B8D9-FF1D7B0F98FC} = {20EC87A6-8F42-4397-B845-F9B8D2E7F68E}
		{78AA0A71-32AD-4D38-9F1C-7AF8C9D69A70} = {E6E160DD-FFF5-4FA4-B8D9-FF1D7B0F98FC}
		{E1D8DE44-0BCE-4A6C-8301-379F4066BE77} = {78AA0A71-32AD-4D38-9F1C-7AF8C9D69A70}
		{76083CA2-528A-4A2D-BF2F-CC4210AA93FE} = {E1D8DE44-0BCE-4A6C-8301-379F4066BE77}
		{BCFC8B1D-D16A-4163-B5A1-A38459261473} = {76083CA2-528A-4A2D-BF2F-CC4210AA93FE}
	EndGlobalSection
EndGlobal
