
Microsoft Visual Studio Solution File, Format Version 12.00
# Visual Studio Version 17
VisualStudioVersion = 17.0.31903.59
MinimumVisualStudioVersion = 10.0.40219.1
Project("{2150E333-8FDC-42A3-9474-1A3956D46DE8}") = "src", "src", "{432ADA9E-AFB4-44D0-994D-49E9258D1AF0}"
EndProject
Project("{2150E333-8FDC-42A3-9474-1A3956D46DE8}") = "main", "main", "{BBF66FE1-1663-4D94-9DA7-A9826F23918C}"
EndProject
Project("{2150E333-8FDC-42A3-9474-1A3956D46DE8}") = "java", "java", "{8310E034-631E-4A66-AF06-24932FCA688D}"
EndProject
Project("{2150E333-8FDC-42A3-9474-1A3956D46DE8}") = "com", "com", "{F07BAA17-D785-4679-8086-78296CD41DC9}"
EndProject
Project("{2150E333-8FDC-42A3-9474-1A3956D46DE8}") = "iluwatar", "iluwatar", "{F3C94B6E-99A3-48F5-A45D-C580B91359E6}"
EndProject
Project("{2150E333-8FDC-42A3-9474-1A3956D46DE8}") = "observer", "observer", "{84737233-1FDC-4456-B841-A01F29EF71A7}"
EndProject
Project("{FAE04EC0-301F-11D3-BF4B-00C04F79EFBC}") = "Observer", "src\main\java\com\iluwatar\observer\Observer\Observer.csproj", "{E594326E-160A-4E82-8ED4-5FEEF092BC69}"
EndProject
Project("{2150E333-8FDC-42A3-9474-1A3956D46DE8}") = "test", "test", "{169D4BAD-1F4C-4856-980B-5ADB83EE0D7D}"
EndProject
Project("{2150E333-8FDC-42A3-9474-1A3956D46DE8}") = "java", "java", "{3BBDFB62-D728-4582-B93B-68E7F0978BB5}"
EndProject
Project("{2150E333-8FDC-42A3-9474-1A3956D46DE8}") = "com", "com", "{D48CB350-39DB-4971-A8B1-767C0CB38CF2}"
EndProject
Project("{2150E333-8FDC-42A3-9474-1A3956D46DE8}") = "iluwatar", "iluwatar", "{0B4999A1-5900-4E8D-97DB-012788B2BAFB}"
EndProject
Project("{2150E333-8FDC-42A3-9474-1A3956D46DE8}") = "observer", "observer", "{A5B2A37C-40A9-4442-8833-92DCB8764755}"
EndProject
Project("{FAE04EC0-301F-11D3-BF4B-00C04F79EFBC}") = "Observer.Tests", "src\test\java\com\iluwatar\observer\Observer.Tests\Observer.Tests.csproj", "{0B8E835A-AF6F-44A5-BFB1-CE5A10BA28E9}"
EndProject
Global
	GlobalSection(SolutionConfigurationPlatforms) = preSolution
		Debug|Any CPU = Debug|Any CPU
		Release|Any CPU = Release|Any CPU
	EndGlobalSection
	GlobalSection(SolutionProperties) = preSolution
		HideSolutionNode = FALSE
	EndGlobalSection
	GlobalSection(ProjectConfigurationPlatforms) = postSolution
		{E594326E-160A-4E82-8ED4-5FEEF092BC69}.Debug|Any CPU.ActiveCfg = Debug|Any CPU
		{E594326E-160A-4E82-8ED4-5FEEF092BC69}.Debug|Any CPU.Build.0 = Debug|Any CPU
		{E594326E-160A-4E82-8ED4-5FEEF092BC69}.Release|Any CPU.ActiveCfg = Release|Any CPU
		{E594326E-160A-4E82-8ED4-5FEEF092BC69}.Release|Any CPU.Build.0 = Release|Any CPU
		{0B8E835A-AF6F-44A5-BFB1-CE5A10BA28E9}.Debug|Any CPU.ActiveCfg = Debug|Any CPU
		{0B8E835A-AF6F-44A5-BFB1-CE5A10BA28E9}.Debug|Any CPU.Build.0 = Debug|Any CPU
		{0B8E835A-AF6F-44A5-BFB1-CE5A10BA28E9}.Release|Any CPU.ActiveCfg = Release|Any CPU
		{0B8E835A-AF6F-44A5-BFB1-CE5A10BA28E9}.Release|Any CPU.Build.0 = Release|Any CPU
	EndGlobalSection
	GlobalSection(NestedProjects) = preSolution
		{BBF66FE1-1663-4D94-9DA7-A9826F23918C} = {432ADA9E-AFB4-44D0-994D-49E9258D1AF0}
		{8310E034-631E-4A66-AF06-24932FCA688D} = {BBF66FE1-1663-4D94-9DA7-A9826F23918C}
		{F07BAA17-D785-4679-8086-78296CD41DC9} = {8310E034-631E-4A66-AF06-24932FCA688D}
		{F3C94B6E-99A3-48F5-A45D-C580B91359E6} = {F07BAA17-D785-4679-8086-78296CD41DC9}
		{84737233-1FDC-4456-B841-A01F29EF71A7} = {F3C94B6E-99A3-48F5-A45D-C580B91359E6}
		{E594326E-160A-4E82-8ED4-5FEEF092BC69} = {84737233-1FDC-4456-B841-A01F29EF71A7}
		{169D4BAD-1F4C-4856-980B-5ADB83EE0D7D} = {432ADA9E-AFB4-44D0-994D-49E9258D1AF0}
		{3BBDFB62-D728-4582-B93B-68E7F0978BB5} = {169D4BAD-1F4C-4856-980B-5ADB83EE0D7D}
		{D48CB350-39DB-4971-A8B1-767C0CB38CF2} = {3BBDFB62-D728-4582-B93B-68E7F0978BB5}
		{0B4999A1-5900-4E8D-97DB-012788B2BAFB} = {D48CB350-39DB-4971-A8B1-767C0CB38CF2}
		{A5B2A37C-40A9-4442-8833-92DCB8764755} = {0B4999A1-5900-4E8D-97DB-012788B2BAFB}
		{0B8E835A-AF6F-44A5-BFB1-CE5A10BA28E9} = {A5B2A37C-40A9-4442-8833-92DCB8764755}
	EndGlobalSection
EndGlobal
