
Microsoft Visual Studio Solution File, Format Version 12.00
# Visual Studio Version 17
VisualStudioVersion = 17.0.31903.59
MinimumVisualStudioVersion = 10.0.40219.1
Project("{2150E333-8FDC-42A3-9474-1A3956D46DE8}") = "src", "src", "{941CAB1D-6267-4B99-97D5-8070B001C4C4}"
EndProject
Project("{2150E333-8FDC-42A3-9474-1A3956D46DE8}") = "main", "main", "{774479AF-42F6-44E2-9CD9-88DC44EE3091}"
EndProject
Project("{2150E333-8FDC-42A3-9474-1A3956D46DE8}") = "java", "java", "{E9749AC1-A3CA-4861-B442-704F3B52F70C}"
EndProject
Project("{2150E333-8FDC-42A3-9474-1A3956D46DE8}") = "com", "com", "{4529C44D-B61E-416B-BB10-FF7514AD0BC5}"
EndProject
Project("{2150E333-8FDC-42A3-9474-1A3956D46DE8}") = "iluwatar", "iluwatar", "{6C4D51EA-F88E-4277-99BB-94FBF68E525E}"
EndProject
Project("{2150E333-8FDC-42A3-9474-1A3956D46DE8}") = "promise", "promise", "{D12F4CFA-17ED-4BFA-A7DF-0B416F7459D7}"
EndProject
Project("{FAE04EC0-301F-11D3-BF4B-00C04F79EFBC}") = "Promise", "src\main\java\com\iluwatar\promise\Promise\Promise.csproj", "{519E63B2-87AC-4D0E-B459-CD2C181EA999}"
EndProject
Project("{2150E333-8FDC-42A3-9474-1A3956D46DE8}") = "test", "test", "{725867BB-C0EC-42B8-B2DC-047FC6598F1D}"
EndProject
Project("{2150E333-8FDC-42A3-9474-1A3956D46DE8}") = "java", "java", "{A98A3D32-89C6-4B39-BF0D-871DDA065695}"
EndProject
Project("{2150E333-8FDC-42A3-9474-1A3956D46DE8}") = "com", "com", "{B842158B-578E-447A-B5F3-3488E3317BCA}"
EndProject
Project("{2150E333-8FDC-42A3-9474-1A3956D46DE8}") = "iluwatar", "iluwatar", "{8A46456A-E788-436C-AD47-E8CEB8010ADF}"
EndProject
Project("{2150E333-8FDC-42A3-9474-1A3956D46DE8}") = "promise", "promise", "{18EEFB12-6056-4636-9F05-C48581ACDAB4}"
EndProject
Project("{FAE04EC0-301F-11D3-BF4B-00C04F79EFBC}") = "Promise.Tests", "src\test\java\com\iluwatar\promise\Promise.Tests\Promise.Tests.csproj", "{DFB45B35-5816-47CA-88FA-5F2ABEF78313}"
EndProject
Global
	GlobalSection(SolutionConfigurationPlatforms) = preSolution
		Debug|Any CPU = Debug|Any CPU
		Release|Any CPU = Release|Any CPU
	EndGlobalSection
	GlobalSection(SolutionProperties) = preSolution
		HideSolutionNode = FALSE
	EndGlobalSection
	GlobalSection(ProjectConfigurationPlatforms) = postSolution
		{519E63B2-87AC-4D0E-B459-CD2C181EA999}.Debug|Any CPU.ActiveCfg = Debug|Any CPU
		{519E63B2-87AC-4D0E-B459-CD2C181EA999}.Debug|Any CPU.Build.0 = Debug|Any CPU
		{519E63B2-87AC-4D0E-B459-CD2C181EA999}.Release|Any CPU.ActiveCfg = Release|Any CPU
		{519E63B2-87AC-4D0E-B459-CD2C181EA999}.Release|Any CPU.Build.0 = Release|Any CPU
		{DFB45B35-5816-47CA-88FA-5F2ABEF78313}.Debug|Any CPU.ActiveCfg = Debug|Any CPU
		{DFB45B35-5816-47CA-88FA-5F2ABEF78313}.Debug|Any CPU.Build.0 = Debug|Any CPU
		{DFB45B35-5816-47CA-88FA-5F2ABEF78313}.Release|Any CPU.ActiveCfg = Release|Any CPU
		{DFB45B35-5816-47CA-88FA-5F2ABEF78313}.Release|Any CPU.Build.0 = Release|Any CPU
	EndGlobalSection
	GlobalSection(NestedProjects) = preSolution
		{774479AF-42F6-44E2-9CD9-88DC44EE3091} = {941CAB1D-6267-4B99-97D5-8070B001C4C4}
		{E9749AC1-A3CA-4861-B442-704F3B52F70C} = {774479AF-42F6-44E2-9CD9-88DC44EE3091}
		{4529C44D-B61E-416B-BB10-FF7514AD0BC5} = {E9749AC1-A3CA-4861-B442-704F3B52F70C}
		{6C4D51EA-F88E-4277-99BB-94FBF68E525E} = {4529C44D-B61E-416B-BB10-FF7514AD0BC5}
		{D12F4CFA-17ED-4BFA-A7DF-0B416F7459D7} = {6C4D51EA-F88E-4277-99BB-94FBF68E525E}
		{519E63B2-87AC-4D0E-B459-CD2C181EA999} = {D12F4CFA-17ED-4BFA-A7DF-0B416F7459D7}
		{725867BB-C0EC-42B8-B2DC-047FC6598F1D} = {941CAB1D-6267-4B99-97D5-8070B001C4C4}
		{A98A3D32-89C6-4B39-BF0D-871DDA065695} = {725867BB-C0EC-42B8-B2DC-047FC6598F1D}
		{B842158B-578E-447A-B5F3-3488E3317BCA} = {A98A3D32-89C6-4B39-BF0D-871DDA065695}
		{8A46456A-E788-436C-AD47-E8CEB8010ADF} = {B842158B-578E-447A-B5F3-3488E3317BCA}
		{18EEFB12-6056-4636-9F05-C48581ACDAB4} = {8A46456A-E788-436C-AD47-E8CEB8010ADF}
		{DFB45B35-5816-47CA-88FA-5F2ABEF78313} = {18EEFB12-6056-4636-9F05-C48581ACDAB4}
	EndGlobalSection
EndGlobal
