
Microsoft Visual Studio Solution File, Format Version 12.00
# Visual Studio Version 17
VisualStudioVersion = 17.0.31903.59
MinimumVisualStudioVersion = 10.0.40219.1
Project("{2150E333-8FDC-42A3-9474-1A3956D46DE8}") = "src", "src", "{5D7050A9-89D5-4188-B4B1-61A0A27592D9}"
EndProject
Project("{2150E333-8FDC-42A3-9474-1A3956D46DE8}") = "main", "main", "{0E0B38AC-9FA9-478F-88C4-D841F1596495}"
EndProject
Project("{2150E333-8FDC-42A3-9474-1A3956D46DE8}") = "java", "java", "{5CF75D00-CAEA-42D5-8715-D6FC6487E4C4}"
EndProject
Project("{2150E333-8FDC-42A3-9474-1A3956D46DE8}") = "com", "com", "{35955A60-775F-4399-9AF0-EB0E1B8C8932}"
EndProject
Project("{2150E333-8FDC-42A3-9474-1A3956D46DE8}") = "iluwatar", "iluwatar", "{204D7E65-99F9-49A0-BE48-A45C20E12813}"
EndProject
Project("{2150E333-8FDC-42A3-9474-1A3956D46DE8}") = "converter", "converter", "{D25ACE86-067F-42FE-9392-499AD5FAFC99}"
EndProject
Project("{FAE04EC0-301F-11D3-BF4B-00C04F79EFBC}") = "Converter", "src\main\java\com\iluwatar\converter\Converter\Converter.csproj", "{390FBC2C-4816-492B-8B54-8CA4D9FDE8EC}"
EndProject
Project("{2150E333-8FDC-42A3-9474-1A3956D46DE8}") = "test", "test", "{0866F8A7-A59C-45EB-9478-AA2037A3546E}"
EndProject
Project("{2150E333-8FDC-42A3-9474-1A3956D46DE8}") = "java", "java", "{F2EB6908-0008-4DC1-9DF4-4AB64A88EEA7}"
EndProject
Project("{2150E333-8FDC-42A3-9474-1A3956D46DE8}") = "com", "com", "{74BB49DE-6F80-4B4C-B71E-720A36CE8611}"
EndProject
Project("{2150E333-8FDC-42A3-9474-1A3956D46DE8}") = "iluwatar", "iluwatar", "{646F3E34-CBB8-43A1-8069-0CC33D70C995}"
EndProject
Project("{2150E333-8FDC-42A3-9474-1A3956D46DE8}") = "converter", "converter", "{1FF2F786-E4A8-488C-9804-1F13C7562DA9}"
EndProject
Project("{FAE04EC0-301F-11D3-BF4B-00C04F79EFBC}") = "Converter.Tests", "src\test\java\com\iluwatar\converter\Converter.Tests\Converter.Tests.csproj", "{AD1487DB-0E06-4371-9DD3-B7FFD5E07FE9}"
EndProject
Global
	GlobalSection(SolutionConfigurationPlatforms) = preSolution
		Debug|Any CPU = Debug|Any CPU
		Release|Any CPU = Release|Any CPU
	EndGlobalSection
	GlobalSection(SolutionProperties) = preSolution
		HideSolutionNode = FALSE
	EndGlobalSection
	GlobalSection(ProjectConfigurationPlatforms) = postSolution
		{390FBC2C-4816-492B-8B54-8CA4D9FDE8EC}.Debug|Any CPU.ActiveCfg = Debug|Any CPU
		{390FBC2C-4816-492B-8B54-8CA4D9FDE8EC}.Debug|Any CPU.Build.0 = Debug|Any CPU
		{390FBC2C-4816-492B-8B54-8CA4D9FDE8EC}.Release|Any CPU.ActiveCfg = Release|Any CPU
		{390FBC2C-4816-492B-8B54-8CA4D9FDE8EC}.Release|Any CPU.Build.0 = Release|Any CPU
		{AD1487DB-0E06-4371-9DD3-B7FFD5E07FE9}.Debug|Any CPU.ActiveCfg = Debug|Any CPU
		{AD1487DB-0E06-4371-9DD3-B7FFD5E07FE9}.Debug|Any CPU.Build.0 = Debug|Any CPU
		{AD1487DB-0E06-4371-9DD3-B7FFD5E07FE9}.Release|Any CPU.ActiveCfg = Release|Any CPU
		{AD1487DB-0E06-4371-9DD3-B7FFD5E07FE9}.Release|Any CPU.Build.0 = Release|Any CPU
	EndGlobalSection
	GlobalSection(NestedProjects) = preSolution
		{0E0B38AC-9FA9-478F-88C4-D841F1596495} = {5D7050A9-89D5-4188-B4B1-61A0A27592D9}
		{5CF75D00-CAEA-42D5-8715-D6FC6487E4C4} = {0E0B38AC-9FA9-478F-88C4-D841F1596495}
		{35955A60-775F-4399-9AF0-EB0E1B8C8932} = {5CF75D00-CAEA-42D5-8715-D6FC6487E4C4}
		{204D7E65-99F9-49A0-BE48-A45C20E12813} = {35955A60-775F-4399-9AF0-EB0E1B8C8932}
		{D25ACE86-067F-42FE-9392-499AD5FAFC99} = {204D7E65-99F9-49A0-BE48-A45C20E12813}
		{390FBC2C-4816-492B-8B54-8CA4D9FDE8EC} = {D25ACE86-067F-42FE-9392-499AD5FAFC99}
		{0866F8A7-A59C-45EB-9478-AA2037A3546E} = {5D7050A9-89D5-4188-B4B1-61A0A27592D9}
		{F2EB6908-0008-4DC1-9DF4-4AB64A88EEA7} = {0866F8A7-A59C-45EB-9478-AA2037A3546E}
		{74BB49DE-6F80-4B4C-B71E-720A36CE8611} = {F2EB6908-0008-4DC1-9DF4-4AB64A88EEA7}
		{646F3E34-CBB8-43A1-8069-0CC33D70C995} = {74BB49DE-6F80-4B4C-B71E-720A36CE8611}
		{1FF2F786-E4A8-488C-9804-1F13C7562DA9} = {646F3E34-CBB8-43A1-8069-0CC33D70C995}
		{AD1487DB-0E06-4371-9DD3-B7FFD5E07FE9} = {1FF2F786-E4A8-488C-9804-1F13C7562DA9}
	EndGlobalSection
EndGlobal
