
Microsoft Visual Studio Solution File, Format Version 12.00
# Visual Studio Version 17
VisualStudioVersion = 17.0.31903.59
MinimumVisualStudioVersion = 10.0.40219.1
Project("{2150E333-8FDC-42A3-9474-1A3956D46DE8}") = "src", "src", "{CDD74307-7C42-4169-9C52-4CC6B100F922}"
EndProject
Project("{2150E333-8FDC-42A3-9474-1A3956D46DE8}") = "main", "main", "{C165BC9D-1D37-43E0-A94F-3E14B68DE83E}"
EndProject
Project("{2150E333-8FDC-42A3-9474-1A3956D46DE8}") = "java", "java", "{9B63D427-75C5-411F-9B46-041729BF64E3}"
EndProject
Project("{2150E333-8FDC-42A3-9474-1A3956D46DE8}") = "com", "com", "{35FC744A-5347-49A9-9871-33DE7A7674D8}"
EndProject
Project("{2150E333-8FDC-42A3-9474-1A3956D46DE8}") = "iluwatar", "iluwatar", "{302F3D91-5FF9-4BDB-B3B2-0A5604F24FE4}"
EndProject
Project("{2150E333-8FDC-42A3-9474-1A3956D46DE8}") = "doubledispatch", "doubledispatch", "{0A00EE12-308B-4BE1-85D4-657337997AD4}"
EndProject
Project("{FAE04EC0-301F-11D3-BF4B-00C04F79EFBC}") = "Double-Dispatch", "src\main\java\com\iluwatar\doubledispatch\Double-Dispatch\Double-Dispatch.csproj", "{C7D563F6-1EAF-4E0A-9AFA-DD85D5AB8D79}"
EndProject
Project("{2150E333-8FDC-42A3-9474-1A3956D46DE8}") = "test", "test", "{7FDC01D9-E4C0-44EA-A6C9-6E31EA1CA3A2}"
EndProject
Project("{2150E333-8FDC-42A3-9474-1A3956D46DE8}") = "java", "java", "{AB8AAF1B-AE14-472C-9BCB-99AC47935258}"
EndProject
Project("{2150E333-8FDC-42A3-9474-1A3956D46DE8}") = "com", "com", "{92EC5585-3993-4AE9-A986-E944B4A333AE}"
EndProject
Project("{2150E333-8FDC-42A3-9474-1A3956D46DE8}") = "iluwatar", "iluwatar", "{DA01BBA9-4BCD-40C6-8C80-7396D41B27A7}"
EndProject
Project("{2150E333-8FDC-42A3-9474-1A3956D46DE8}") = "doubledispatch", "doubledispatch", "{94AFAF2F-7579-47CC-9879-17E39BD8C062}"
EndProject
Project("{FAE04EC0-301F-11D3-BF4B-00C04F79EFBC}") = "Double-Dispatch.Tests", "src\test\java\com\iluwatar\doubledispatch\Double-Dispatch.Tests\Double-Dispatch.Tests.csproj", "{59C66725-1F03-49D3-8B1D-08353E83A935}"
EndProject
Global
	GlobalSection(SolutionConfigurationPlatforms) = preSolution
		Debug|Any CPU = Debug|Any CPU
		Release|Any CPU = Release|Any CPU
	EndGlobalSection
	GlobalSection(SolutionProperties) = preSolution
		HideSolutionNode = FALSE
	EndGlobalSection
	GlobalSection(ProjectConfigurationPlatforms) = postSolution
		{C7D563F6-1EAF-4E0A-9AFA-DD85D5AB8D79}.Debug|Any CPU.ActiveCfg = Debug|Any CPU
		{C7D563F6-1EAF-4E0A-9AFA-DD85D5AB8D79}.Debug|Any CPU.Build.0 = Debug|Any CPU
		{C7D563F6-1EAF-4E0A-9AFA-DD85D5AB8D79}.Release|Any CPU.ActiveCfg = Release|Any CPU
		{C7D563F6-1EAF-4E0A-9AFA-DD85D5AB8D79}.Release|Any CPU.Build.0 = Release|Any CPU
		{59C66725-1F03-49D3-8B1D-08353E83A935}.Debug|Any CPU.ActiveCfg = Debug|Any CPU
		{59C66725-1F03-49D3-8B1D-08353E83A935}.Debug|Any CPU.Build.0 = Debug|Any CPU
		{59C66725-1F03-49D3-8B1D-08353E83A935}.Release|Any CPU.ActiveCfg = Release|Any CPU
		{59C66725-1F03-49D3-8B1D-08353E83A935}.Release|Any CPU.Build.0 = Release|Any CPU
	EndGlobalSection
	GlobalSection(NestedProjects) = preSolution
		{C165BC9D-1D37-43E0-A94F-3E14B68DE83E} = {CDD74307-7C42-4169-9C52-4CC6B100F922}
		{9B63D427-75C5-411F-9B46-041729BF64E3} = {C165BC9D-1D37-43E0-A94F-3E14B68DE83E}
		{35FC744A-5347-49A9-9871-33DE7A7674D8} = {9B63D427-75C5-411F-9B46-041729BF64E3}
		{302F3D91-5FF9-4BDB-B3B2-0A5604F24FE4} = {35FC744A-5347-49A9-9871-33DE7A7674D8}
		{0A00EE12-308B-4BE1-85D4-657337997AD4} = {302F3D91-5FF9-4BDB-B3B2-0A5604F24FE4}
		{C7D563F6-1EAF-4E0A-9AFA-DD85D5AB8D79} = {0A00EE12-308B-4BE1-85D4-657337997AD4}
		{7FDC01D9-E4C0-44EA-A6C9-6E31EA1CA3A2} = {CDD74307-7C42-4169-9C52-4CC6B100F922}
		{AB8AAF1B-AE14-472C-9BCB-99AC47935258} = {7FDC01D9-E4C0-44EA-A6C9-6E31EA1CA3A2}
		{92EC5585-3993-4AE9-A986-E944B4A333AE} = {AB8AAF1B-AE14-472C-9BCB-99AC47935258}
		{DA01BBA9-4BCD-40C6-8C80-7396D41B27A7} = {92EC5585-3993-4AE9-A986-E944B4A333AE}
		{94AFAF2F-7579-47CC-9879-17E39BD8C062} = {DA01BBA9-4BCD-40C6-8C80-7396D41B27A7}
		{59C66725-1F03-49D3-8B1D-08353E83A935} = {94AFAF2F-7579-47CC-9879-17E39BD8C062}
	EndGlobalSection
EndGlobal
