
Microsoft Visual Studio Solution File, Format Version 12.00
# Visual Studio Version 17
VisualStudioVersion = 17.0.31903.59
MinimumVisualStudioVersion = 10.0.40219.1
Project("{2150E333-8FDC-42A3-9474-1A3956D46DE8}") = "src", "src", "{40B4CC9D-9E68-479C-B2F0-107B7A7806E2}"
EndProject
Project("{2150E333-8FDC-42A3-9474-1A3956D46DE8}") = "main", "main", "{E60F34A9-C100-4D5C-ABE1-E23BB90F2A0A}"
EndProject
Project("{2150E333-8FDC-42A3-9474-1A3956D46DE8}") = "java", "java", "{BB2D1DAE-22E5-4282-8F05-EA556232C2CE}"
EndProject
Project("{2150E333-8FDC-42A3-9474-1A3956D46DE8}") = "com", "com", "{B271D274-D7A5-4895-9A8A-3CEBEDF9E1E0}"
EndProject
Project("{2150E333-8FDC-42A3-9474-1A3956D46DE8}") = "iluwatar", "iluwatar", "{B8DB201A-F4B3-446B-AEB1-6C021F7D4F7E}"
EndProject
Project("{2150E333-8FDC-42A3-9474-1A3956D46DE8}") = "mediator", "mediator", "{A39EF0E4-260A-4916-9D31-1FC6367C2276}"
EndProject
Project("{FAE04EC0-301F-11D3-BF4B-00C04F79EFBC}") = "Mediator", "src\main\java\com\iluwatar\mediator\Mediator\Mediator.csproj", "{D6D8FD81-EDE9-4B43-8081-2322D403CDC7}"
EndProject
Project("{2150E333-8FDC-42A3-9474-1A3956D46DE8}") = "test", "test", "{38A24245-BB2E-4EA1-8E2F-8AFC7DB8BD8B}"
EndProject
Project("{2150E333-8FDC-42A3-9474-1A3956D46DE8}") = "java", "java", "{C78E63C4-E48B-409D-B43C-70FDC6E34E2E}"
EndProject
Project("{2150E333-8FDC-42A3-9474-1A3956D46DE8}") = "com", "com", "{72156602-F6DB-4119-ADA7-C49520ECA9BF}"
EndProject
Project("{2150E333-8FDC-42A3-9474-1A3956D46DE8}") = "iluwatar", "iluwatar", "{8BD16B48-87AD-4C6D-9D8D-E1FC6715637C}"
EndProject
Project("{2150E333-8FDC-42A3-9474-1A3956D46DE8}") = "mediator", "mediator", "{4D8C24AD-1AB4-4E22-B687-6132F71204BC}"
EndProject
Project("{FAE04EC0-301F-11D3-BF4B-00C04F79EFBC}") = "Mediator.Tests", "src\test\java\com\iluwatar\mediator\Mediator.Tests\Mediator.Tests.csproj", "{E9EF5C2C-1065-4280-9DB8-AEECEC15DB92}"
EndProject
Global
	GlobalSection(SolutionConfigurationPlatforms) = preSolution
		Debug|Any CPU = Debug|Any CPU
		Release|Any CPU = Release|Any CPU
	EndGlobalSection
	GlobalSection(SolutionProperties) = preSolution
		HideSolutionNode = FALSE
	EndGlobalSection
	GlobalSection(ProjectConfigurationPlatforms) = postSolution
		{D6D8FD81-EDE9-4B43-8081-2322D403CDC7}.Debug|Any CPU.ActiveCfg = Debug|Any CPU
		{D6D8FD81-EDE9-4B43-8081-2322D403CDC7}.Debug|Any CPU.Build.0 = Debug|Any CPU
		{D6D8FD81-EDE9-4B43-8081-2322D403CDC7}.Release|Any CPU.ActiveCfg = Release|Any CPU
		{D6D8FD81-EDE9-4B43-8081-2322D403CDC7}.Release|Any CPU.Build.0 = Release|Any CPU
		{E9EF5C2C-1065-4280-9DB8-AEECEC15DB92}.Debug|Any CPU.ActiveCfg = Debug|Any CPU
		{E9EF5C2C-1065-4280-9DB8-AEECEC15DB92}.Debug|Any CPU.Build.0 = Debug|Any CPU
		{E9EF5C2C-1065-4280-9DB8-AEECEC15DB92}.Release|Any CPU.ActiveCfg = Release|Any CPU
		{E9EF5C2C-1065-4280-9DB8-AEECEC15DB92}.Release|Any CPU.Build.0 = Release|Any CPU
	EndGlobalSection
	GlobalSection(NestedProjects) = preSolution
		{E60F34A9-C100-4D5C-ABE1-E23BB90F2A0A} = {40B4CC9D-9E68-479C-B2F0-107B7A7806E2}
		{BB2D1DAE-22E5-4282-8F05-EA556232C2CE} = {E60F34A9-C100-4D5C-ABE1-E23BB90F2A0A}
		{B271D274-D7A5-4895-9A8A-3CEBEDF9E1E0} = {BB2D1DAE-22E5-4282-8F05-EA556232C2CE}
		{B8DB201A-F4B3-446B-AEB1-6C021F7D4F7E} = {B271D274-D7A5-4895-9A8A-3CEBEDF9E1E0}
		{A39EF0E4-260A-4916-9D31-1FC6367C2276} = {B8DB201A-F4B3-446B-AEB1-6C021F7D4F7E}
		{D6D8FD81-EDE9-4B43-8081-2322D403CDC7} = {A39EF0E4-260A-4916-9D31-1FC6367C2276}
		{38A24245-BB2E-4EA1-8E2F-8AFC7DB8BD8B} = {40B4CC9D-9E68-479C-B2F0-107B7A7806E2}
		{C78E63C4-E48B-409D-B43C-70FDC6E34E2E} = {38A24245-BB2E-4EA1-8E2F-8AFC7DB8BD8B}
		{72156602-F6DB-4119-ADA7-C49520ECA9BF} = {C78E63C4-E48B-409D-B43C-70FDC6E34E2E}
		{8BD16B48-87AD-4C6D-9D8D-E1FC6715637C} = {72156602-F6DB-4119-ADA7-C49520ECA9BF}
		{4D8C24AD-1AB4-4E22-B687-6132F71204BC} = {8BD16B48-87AD-4C6D-9D8D-E1FC6715637C}
		{E9EF5C2C-1065-4280-9DB8-AEECEC15DB92} = {4D8C24AD-1AB4-4E22-B687-6132F71204BC}
	EndGlobalSection
EndGlobal
