
Microsoft Visual Studio Solution File, Format Version 12.00
# Visual Studio Version 17
VisualStudioVersion = 17.0.31903.59
MinimumVisualStudioVersion = 10.0.40219.1
Project("{2150E333-8FDC-42A3-9474-1A3956D46DE8}") = "src", "src", "{AB07FD16-22B1-4746-B8EF-0D8E202EB647}"
EndProject
Project("{2150E333-8FDC-42A3-9474-1A3956D46DE8}") = "main", "main", "{2A7EDC9D-7206-4689-9D81-D33A127CCC62}"
EndProject
Project("{2150E333-8FDC-42A3-9474-1A3956D46DE8}") = "java", "java", "{C8E8FB05-8F68-4BB7-AAC9-7DC467488817}"
EndProject
Project("{2150E333-8FDC-42A3-9474-1A3956D46DE8}") = "com", "com", "{2C2C18DE-EC7C-42F1-B1EF-958F1CF9B963}"
EndProject
Project("{2150E333-8FDC-42A3-9474-1A3956D46DE8}") = "iluwatar", "iluwatar", "{06C05882-6CE8-42FB-BA91-FE3741897093}"
EndProject
Project("{2150E333-8FDC-42A3-9474-1A3956D46DE8}") = "tablemodule", "tablemodule", "{B3A8EE3E-15BE-4446-8EEC-CC18E0FE7876}"
EndProject
Project("{FAE04EC0-301F-11D3-BF4B-00C04F79EFBC}") = "Table-Module", "src\main\java\com\iluwatar\tablemodule\Table-Module\Table-Module.csproj", "{F327B9BA-0FEB-4666-8228-F8F8E3E041A5}"
EndProject
Project("{2150E333-8FDC-42A3-9474-1A3956D46DE8}") = "test", "test", "{BFD4FE3F-7CB0-409B-A3BE-84E948255C5D}"
EndProject
Project("{2150E333-8FDC-42A3-9474-1A3956D46DE8}") = "java", "java", "{6EA2CE28-95ED-404F-8F86-6A8606F5D3AB}"
EndProject
Project("{2150E333-8FDC-42A3-9474-1A3956D46DE8}") = "com", "com", "{446478FE-FD71-43CD-9216-C2CAAD0252DC}"
EndProject
Project("{2150E333-8FDC-42A3-9474-1A3956D46DE8}") = "iluwatar", "iluwatar", "{03372410-99D7-4DF4-9FC8-9E42AD533B30}"
EndProject
Project("{2150E333-8FDC-42A3-9474-1A3956D46DE8}") = "tablemodule", "tablemodule", "{27CBD61C-5A39-42E2-9017-7635F62D9146}"
EndProject
Project("{FAE04EC0-301F-11D3-BF4B-00C04F79EFBC}") = "Table-Module.Tests", "src\test\java\com\iluwatar\tablemodule\Table-Module.Tests\Table-Module.Tests.csproj", "{0DF4329E-605E-4B38-8565-AF1DB66C4FF3}"
EndProject
Global
	GlobalSection(SolutionConfigurationPlatforms) = preSolution
		Debug|Any CPU = Debug|Any CPU
		Release|Any CPU = Release|Any CPU
	EndGlobalSection
	GlobalSection(SolutionProperties) = preSolution
		HideSolutionNode = FALSE
	EndGlobalSection
	GlobalSection(ProjectConfigurationPlatforms) = postSolution
		{F327B9BA-0FEB-4666-8228-F8F8E3E041A5}.Debug|Any CPU.ActiveCfg = Debug|Any CPU
		{F327B9BA-0FEB-4666-8228-F8F8E3E041A5}.Debug|Any CPU.Build.0 = Debug|Any CPU
		{F327B9BA-0FEB-4666-8228-F8F8E3E041A5}.Release|Any CPU.ActiveCfg = Release|Any CPU
		{F327B9BA-0FEB-4666-8228-F8F8E3E041A5}.Release|Any CPU.Build.0 = Release|Any CPU
		{0DF4329E-605E-4B38-8565-AF1DB66C4FF3}.Debug|Any CPU.ActiveCfg = Debug|Any CPU
		{0DF4329E-605E-4B38-8565-AF1DB66C4FF3}.Debug|Any CPU.Build.0 = Debug|Any CPU
		{0DF4329E-605E-4B38-8565-AF1DB66C4FF3}.Release|Any CPU.ActiveCfg = Release|Any CPU
		{0DF4329E-605E-4B38-8565-AF1DB66C4FF3}.Release|Any CPU.Build.0 = Release|Any CPU
	EndGlobalSection
	GlobalSection(NestedProjects) = preSolution
		{2A7EDC9D-7206-4689-9D81-D33A127CCC62} = {AB07FD16-22B1-4746-B8EF-0D8E202EB647}
		{C8E8FB05-8F68-4BB7-AAC9-7DC467488817} = {2A7EDC9D-7206-4689-9D81-D33A127CCC62}
		{2C2C18DE-EC7C-42F1-B1EF-958F1CF9B963} = {C8E8FB05-8F68-4BB7-AAC9-7DC467488817}
		{06C05882-6CE8-42FB-BA91-FE3741897093} = {2C2C18DE-EC7C-42F1-B1EF-958F1CF9B963}
		{B3A8EE3E-15BE-4446-8EEC-CC18E0FE7876} = {06C05882-6CE8-42FB-BA91-FE3741897093}
		{F327B9BA-0FEB-4666-8228-F8F8E3E041A5} = {B3A8EE3E-15BE-4446-8EEC-CC18E0FE7876}
		{BFD4FE3F-7CB0-409B-A3BE-84E948255C5D} = {AB07FD16-22B1-4746-B8EF-0D8E202EB647}
		{6EA2CE28-95ED-404F-8F86-6A8606F5D3AB} = {BFD4FE3F-7CB0-409B-A3BE-84E948255C5D}
		{446478FE-FD71-43CD-9216-C2CAAD0252DC} = {6EA2CE28-95ED-404F-8F86-6A8606F5D3AB}
		{03372410-99D7-4DF4-9FC8-9E42AD533B30} = {446478FE-FD71-43CD-9216-C2CAAD0252DC}
		{27CBD61C-5A39-42E2-9017-7635F62D9146} = {03372410-99D7-4DF4-9FC8-9E42AD533B30}
		{0DF4329E-605E-4B38-8565-AF1DB66C4FF3} = {27CBD61C-5A39-42E2-9017-7635F62D9146}
	EndGlobalSection
EndGlobal
