
Microsoft Visual Studio Solution File, Format Version 12.00
# Visual Studio Version 17
VisualStudioVersion = 17.0.31903.59
MinimumVisualStudioVersion = 10.0.40219.1
Project("{2150E333-8FDC-42A3-9474-1A3956D46DE8}") = "src", "src", "{F744D498-88A6-44FC-A8FE-9D0AF87C92EC}"
EndProject
Project("{2150E333-8FDC-42A3-9474-1A3956D46DE8}") = "main", "main", "{D1B94498-6655-4C02-8A01-D7487AFA4111}"
EndProject
Project("{2150E333-8FDC-42A3-9474-1A3956D46DE8}") = "java", "java", "{3A24A628-95EF-4F34-9700-715CA44BEC5D}"
EndProject
Project("{2150E333-8FDC-42A3-9474-1A3956D46DE8}") = "com", "com", "{AF8C94E0-7F3C-41A3-A789-BAD2441CCB7E}"
EndProject
Project("{2150E333-8FDC-42A3-9474-1A3956D46DE8}") = "iluwatar", "iluwatar", "{C5C00E3A-6BBB-4AF4-996F-79A96319A6A4}"
EndProject
Project("{2150E333-8FDC-42A3-9474-1A3956D46DE8}") = "bytecode", "bytecode", "{58E7B6AF-BD4C-437F-9624-25A85F0B1BEE}"
EndProject
Project("{FAE04EC0-301F-11D3-BF4B-00C04F79EFBC}") = "Bytecode", "src\main\java\com\iluwatar\bytecode\Bytecode\Bytecode.csproj", "{F1A8C610-8746-4669-A033-5E7AFE01CDA5}"
EndProject
Project("{2150E333-8FDC-42A3-9474-1A3956D46DE8}") = "test", "test", "{5C9FF6D2-97A4-4C1D-BDA2-04E9F9374088}"
EndProject
Project("{2150E333-8FDC-42A3-9474-1A3956D46DE8}") = "java", "java", "{41C60073-F951-4BD1-A20A-675083156E71}"
EndProject
Project("{2150E333-8FDC-42A3-9474-1A3956D46DE8}") = "com", "com", "{491FF4A6-B4B2-4E12-9A40-32D213D533D4}"
EndProject
Project("{2150E333-8FDC-42A3-9474-1A3956D46DE8}") = "iluwatar", "iluwatar", "{DE48080F-DB37-4EC2-B96D-662E7B207EE2}"
EndProject
Project("{2150E333-8FDC-42A3-9474-1A3956D46DE8}") = "bytecode", "bytecode", "{A1C7D0E0-485E-45FC-9635-3F72EEAAA6D1}"
EndProject
Project("{FAE04EC0-301F-11D3-BF4B-00C04F79EFBC}") = "Bytecode.Tests", "src\test\java\com\iluwatar\bytecode\Bytecode.Tests\Bytecode.Tests.csproj", "{AA27B0A9-1229-4D8B-A6DF-430D21EAC15F}"
EndProject
Global
	GlobalSection(SolutionConfigurationPlatforms) = preSolution
		Debug|Any CPU = Debug|Any CPU
		Release|Any CPU = Release|Any CPU
	EndGlobalSection
	GlobalSection(SolutionProperties) = preSolution
		HideSolutionNode = FALSE
	EndGlobalSection
	GlobalSection(ProjectConfigurationPlatforms) = postSolution
		{F1A8C610-8746-4669-A033-5E7AFE01CDA5}.Debug|Any CPU.ActiveCfg = Debug|Any CPU
		{F1A8C610-8746-4669-A033-5E7AFE01CDA5}.Debug|Any CPU.Build.0 = Debug|Any CPU
		{F1A8C610-8746-4669-A033-5E7AFE01CDA5}.Release|Any CPU.ActiveCfg = Release|Any CPU
		{F1A8C610-8746-4669-A033-5E7AFE01CDA5}.Release|Any CPU.Build.0 = Release|Any CPU
		{AA27B0A9-1229-4D8B-A6DF-430D21EAC15F}.Debug|Any CPU.ActiveCfg = Debug|Any CPU
		{AA27B0A9-1229-4D8B-A6DF-430D21EAC15F}.Debug|Any CPU.Build.0 = Debug|Any CPU
		{AA27B0A9-1229-4D8B-A6DF-430D21EAC15F}.Release|Any CPU.ActiveCfg = Release|Any CPU
		{AA27B0A9-1229-4D8B-A6DF-430D21EAC15F}.Release|Any CPU.Build.0 = Release|Any CPU
	EndGlobalSection
	GlobalSection(NestedProjects) = preSolution
		{D1B94498-6655-4C02-8A01-D7487AFA4111} = {F744D498-88A6-44FC-A8FE-9D0AF87C92EC}
		{3A24A628-95EF-4F34-9700-715CA44BEC5D} = {D1B94498-6655-4C02-8A01-D7487AFA4111}
		{AF8C94E0-7F3C-41A3-A789-BAD2441CCB7E} = {3A24A628-95EF-4F34-9700-715CA44BEC5D}
		{C5C00E3A-6BBB-4AF4-996F-79A96319A6A4} = {AF8C94E0-7F3C-41A3-A789-BAD2441CCB7E}
		{58E7B6AF-BD4C-437F-9624-25A85F0B1BEE} = {C5C00E3A-6BBB-4AF4-996F-79A96319A6A4}
		{F1A8C610-8746-4669-A033-5E7AFE01CDA5} = {58E7B6AF-BD4C-437F-9624-25A85F0B1BEE}
		{5C9FF6D2-97A4-4C1D-BDA2-04E9F9374088} = {F744D498-88A6-44FC-A8FE-9D0AF87C92EC}
		{41C60073-F951-4BD1-A20A-675083156E71} = {5C9FF6D2-97A4-4C1D-BDA2-04E9F9374088}
		{491FF4A6-B4B2-4E12-9A40-32D213D533D4} = {41C60073-F951-4BD1-A20A-675083156E71}
		{DE48080F-DB37-4EC2-B96D-662E7B207EE2} = {491FF4A6-B4B2-4E12-9A40-32D213D533D4}
		{A1C7D0E0-485E-45FC-9635-3F72EEAAA6D1} = {DE48080F-DB37-4EC2-B96D-662E7B207EE2}
		{AA27B0A9-1229-4D8B-A6DF-430D21EAC15F} = {A1C7D0E0-485E-45FC-9635-3F72EEAAA6D1}
	EndGlobalSection
EndGlobal
