
Microsoft Visual Studio Solution File, Format Version 12.00
# Visual Studio Version 17
VisualStudioVersion = 17.0.31903.59
MinimumVisualStudioVersion = 10.0.40219.1
Project("{2150E333-8FDC-42A3-9474-1A3956D46DE8}") = "src", "src", "{B8E3F9F1-EF80-4CF6-A8C8-28ED3519F3DF}"
EndProject
Project("{2150E333-8FDC-42A3-9474-1A3956D46DE8}") = "main", "main", "{7D2FAB39-D307-4269-BF32-21EC246A55CF}"
EndProject
Project("{2150E333-8FDC-42A3-9474-1A3956D46DE8}") = "java", "java", "{98F28F43-9454-4C63-B771-D16E0A3973C3}"
EndProject
Project("{2150E333-8FDC-42A3-9474-1A3956D46DE8}") = "com", "com", "{D192E763-299B-4312-9249-5FEC7A2AA318}"
EndProject
Project("{2150E333-8FDC-42A3-9474-1A3956D46DE8}") = "iluwatar", "iluwatar", "{34F64753-A287-4468-8440-53654D004B3A}"
EndProject
Project("{2150E333-8FDC-42A3-9474-1A3956D46DE8}") = "gameloop", "gameloop", "{C8824FC0-E91A-4A21-88BD-52400765DBEF}"
EndProject
Project("{FAE04EC0-301F-11D3-BF4B-00C04F79EFBC}") = "Game-loop", "src\main\java\com\iluwatar\gameloop\Game-loop\Game-loop.csproj", "{A5B4965D-929A-46CE-A71B-759EE8EAABEF}"
EndProject
Project("{2150E333-8FDC-42A3-9474-1A3956D46DE8}") = "test", "test", "{90E5BDFC-CECA-44ED-8829-814AC1794918}"
EndProject
Project("{2150E333-8FDC-42A3-9474-1A3956D46DE8}") = "java", "java", "{80DB3FE1-073B-444E-9259-71A9FCC89AAD}"
EndProject
Project("{2150E333-8FDC-42A3-9474-1A3956D46DE8}") = "com", "com", "{E935C5D1-8207-46F4-9B83-22DB805990CE}"
EndProject
Project("{2150E333-8FDC-42A3-9474-1A3956D46DE8}") = "iluwatar", "iluwatar", "{69EDBC90-9762-4AEE-A3D1-2553C801DD28}"
EndProject
Project("{2150E333-8FDC-42A3-9474-1A3956D46DE8}") = "gameloop", "gameloop", "{5FD50F7E-9F4C-4793-A4E8-704F0A4F246D}"
EndProject
Project("{FAE04EC0-301F-11D3-BF4B-00C04F79EFBC}") = "Game-loop.Tests", "src\test\java\com\iluwatar\gameloop\Game-loop.Tests\Game-loop.Tests.csproj", "{7A453174-2F4D-41CC-B921-8285C95B09CA}"
EndProject
Global
	GlobalSection(SolutionConfigurationPlatforms) = preSolution
		Debug|Any CPU = Debug|Any CPU
		Release|Any CPU = Release|Any CPU
	EndGlobalSection
	GlobalSection(SolutionProperties) = preSolution
		HideSolutionNode = FALSE
	EndGlobalSection
	GlobalSection(ProjectConfigurationPlatforms) = postSolution
		{A5B4965D-929A-46CE-A71B-759EE8EAABEF}.Debug|Any CPU.ActiveCfg = Debug|Any CPU
		{A5B4965D-929A-46CE-A71B-759EE8EAABEF}.Debug|Any CPU.Build.0 = Debug|Any CPU
		{A5B4965D-929A-46CE-A71B-759EE8EAABEF}.Release|Any CPU.ActiveCfg = Release|Any CPU
		{A5B4965D-929A-46CE-A71B-759EE8EAABEF}.Release|Any CPU.Build.0 = Release|Any CPU
		{7A453174-2F4D-41CC-B921-8285C95B09CA}.Debug|Any CPU.ActiveCfg = Debug|Any CPU
		{7A453174-2F4D-41CC-B921-8285C95B09CA}.Debug|Any CPU.Build.0 = Debug|Any CPU
		{7A453174-2F4D-41CC-B921-8285C95B09CA}.Release|Any CPU.ActiveCfg = Release|Any CPU
		{7A453174-2F4D-41CC-B921-8285C95B09CA}.Release|Any CPU.Build.0 = Release|Any CPU
	EndGlobalSection
	GlobalSection(NestedProjects) = preSolution
		{7D2FAB39-D307-4269-BF32-21EC246A55CF} = {B8E3F9F1-EF80-4CF6-A8C8-28ED3519F3DF}
		{98F28F43-9454-4C63-B771-D16E0A3973C3} = {7D2FAB39-D307-4269-BF32-21EC246A55CF}
		{D192E763-299B-4312-9249-5FEC7A2AA318} = {98F28F43-9454-4C63-B771-D16E0A3973C3}
		{34F64753-A287-4468-8440-53654D004B3A} = {D192E763-299B-4312-9249-5FEC7A2AA318}
		{C8824FC0-E91A-4A21-88BD-52400765DBEF} = {34F64753-A287-4468-8440-53654D004B3A}
		{A5B4965D-929A-46CE-A71B-759EE8EAABEF} = {C8824FC0-E91A-4A21-88BD-52400765DBEF}
		{90E5BDFC-CECA-44ED-8829-814AC1794918} = {B8E3F9F1-EF80-4CF6-A8C8-28ED3519F3DF}
		{80DB3FE1-073B-444E-9259-71A9FCC89AAD} = {90E5BDFC-CECA-44ED-8829-814AC1794918}
		{E935C5D1-8207-46F4-9B83-22DB805990CE} = {80DB3FE1-073B-444E-9259-71A9FCC89AAD}
		{69EDBC90-9762-4AEE-A3D1-2553C801DD28} = {E935C5D1-8207-46F4-9B83-22DB805990CE}
		{5FD50F7E-9F4C-4793-A4E8-704F0A4F246D} = {69EDBC90-9762-4AEE-A3D1-2553C801DD28}
		{7A453174-2F4D-41CC-B921-8285C95B09CA} = {5FD50F7E-9F4C-4793-A4E8-704F0A4F246D}
	EndGlobalSection
EndGlobal
