
Microsoft Visual Studio Solution File, Format Version 12.00
# Visual Studio Version 17
VisualStudioVersion = 17.0.31903.59
MinimumVisualStudioVersion = 10.0.40219.1
Project("{2150E333-8FDC-42A3-9474-1A3956D46DE8}") = "src", "src", "{72BD80CB-45F1-4C21-858F-74D2A064B2B3}"
EndProject
Project("{2150E333-8FDC-42A3-9474-1A3956D46DE8}") = "main", "main", "{B55F8A0A-EBD2-4FF8-8A40-FCE47305AD3E}"
EndProject
Project("{2150E333-8FDC-42A3-9474-1A3956D46DE8}") = "java", "java", "{63CAA119-B9F6-4541-A079-CE3545EEB176}"
EndProject
Project("{2150E333-8FDC-42A3-9474-1A3956D46DE8}") = "com", "com", "{41A736EB-54C1-4B30-9B5C-BD5E924E7623}"
EndProject
Project("{2150E333-8FDC-42A3-9474-1A3956D46DE8}") = "iluwatar", "iluwatar", "{46BF4091-8473-48E2-B3AE-1855A687C883}"
EndProject
Project("{2150E333-8FDC-42A3-9474-1A3956D46DE8}") = "caching", "caching", "{4C3363C8-B79C-458F-9246-E7F429A56912}"
EndProject
Project("{FAE04EC0-301F-11D3-BF4B-00C04F79EFBC}") = "Caching", "src\main\java\com\iluwatar\caching\Caching\Caching.csproj", "{B7B38A0D-D07C-4EEB-A0C6-67B505DA3637}"
EndProject
Project("{2150E333-8FDC-42A3-9474-1A3956D46DE8}") = "test", "test", "{9C83B506-ED06-4CD5-81B6-21933E2012D5}"
EndProject
Project("{2150E333-8FDC-42A3-9474-1A3956D46DE8}") = "java", "java", "{8FC36236-86E5-4F76-B49F-524524B12649}"
EndProject
Project("{2150E333-8FDC-42A3-9474-1A3956D46DE8}") = "com", "com", "{43D15F50-875A-4157-8EC4-8C487D46AA2B}"
EndProject
Project("{2150E333-8FDC-42A3-9474-1A3956D46DE8}") = "iluwatar", "iluwatar", "{220B4577-BFB7-459E-A1CE-1CB5136AAC00}"
EndProject
Project("{2150E333-8FDC-42A3-9474-1A3956D46DE8}") = "caching", "caching", "{08D14726-2CB9-4468-A21B-888613D1F0E8}"
EndProject
Project("{FAE04EC0-301F-11D3-BF4B-00C04F79EFBC}") = "Caching.Tests", "src\test\java\com\iluwatar\caching\Caching.Tests\Caching.Tests.csproj", "{8DDA1288-B052-42EB-9D37-5E6215A0FE85}"
EndProject
Global
	GlobalSection(SolutionConfigurationPlatforms) = preSolution
		Debug|Any CPU = Debug|Any CPU
		Release|Any CPU = Release|Any CPU
	EndGlobalSection
	GlobalSection(SolutionProperties) = preSolution
		HideSolutionNode = FALSE
	EndGlobalSection
	GlobalSection(ProjectConfigurationPlatforms) = postSolution
		{B7B38A0D-D07C-4EEB-A0C6-67B505DA3637}.Debug|Any CPU.ActiveCfg = Debug|Any CPU
		{B7B38A0D-D07C-4EEB-A0C6-67B505DA3637}.Debug|Any CPU.Build.0 = Debug|Any CPU
		{B7B38A0D-D07C-4EEB-A0C6-67B505DA3637}.Release|Any CPU.ActiveCfg = Release|Any CPU
		{B7B38A0D-D07C-4EEB-A0C6-67B505DA3637}.Release|Any CPU.Build.0 = Release|Any CPU
		{8DDA1288-B052-42EB-9D37-5E6215A0FE85}.Debug|Any CPU.ActiveCfg = Debug|Any CPU
		{8DDA1288-B052-42EB-9D37-5E6215A0FE85}.Debug|Any CPU.Build.0 = Debug|Any CPU
		{8DDA1288-B052-42EB-9D37-5E6215A0FE85}.Release|Any CPU.ActiveCfg = Release|Any CPU
		{8DDA1288-B052-42EB-9D37-5E6215A0FE85}.Release|Any CPU.Build.0 = Release|Any CPU
	EndGlobalSection
	GlobalSection(NestedProjects) = preSolution
		{B55F8A0A-EBD2-4FF8-8A40-FCE47305AD3E} = {72BD80CB-45F1-4C21-858F-74D2A064B2B3}
		{63CAA119-B9F6-4541-A079-CE3545EEB176} = {B55F8A0A-EBD2-4FF8-8A40-FCE47305AD3E}
		{41A736EB-54C1-4B30-9B5C-BD5E924E7623} = {63CAA119-B9F6-4541-A079-CE3545EEB176}
		{46BF4091-8473-48E2-B3AE-1855A687C883} = {41A736EB-54C1-4B30-9B5C-BD5E924E7623}
		{4C3363C8-B79C-458F-9246-E7F429A56912} = {46BF4091-8473-48E2-B3AE-1855A687C883}
		{B7B38A0D-D07C-4EEB-A0C6-67B505DA3637} = {4C3363C8-B79C-458F-9246-E7F429A56912}
		{9C83B506-ED06-4CD5-81B6-21933E2012D5} = {72BD80CB-45F1-4C21-858F-74D2A064B2B3}
		{8FC36236-86E5-4F76-B49F-524524B12649} = {9C83B506-ED06-4CD5-81B6-21933E2012D5}
		{43D15F50-875A-4157-8EC4-8C487D46AA2B} = {8FC36236-86E5-4F76-B49F-524524B12649}
		{220B4577-BFB7-459E-A1CE-1CB5136AAC00} = {43D15F50-875A-4157-8EC4-8C487D46AA2B}
		{08D14726-2CB9-4468-A21B-888613D1F0E8} = {220B4577-BFB7-459E-A1CE-1CB5136AAC00}
		{8DDA1288-B052-42EB-9D37-5E6215A0FE85} = {08D14726-2CB9-4468-A21B-888613D1F0E8}
	EndGlobalSection
EndGlobal
