
Microsoft Visual Studio Solution File, Format Version 12.00
# Visual Studio Version 17
VisualStudioVersion = 17.0.31903.59
MinimumVisualStudioVersion = 10.0.40219.1
Project("{2150E333-8FDC-42A3-9474-1A3956D46DE8}") = "src", "src", "{A424490A-4EAD-4229-BBA5-AC7740F90FBE}"
EndProject
Project("{2150E333-8FDC-42A3-9474-1A3956D46DE8}") = "main", "main", "{551141E0-EBEA-4AF3-A0F6-EFFD177937C7}"
EndProject
Project("{2150E333-8FDC-42A3-9474-1A3956D46DE8}") = "java", "java", "{331CEE90-021F-46FD-AA89-52F2E4BB2BC2}"
EndProject
Project("{2150E333-8FDC-42A3-9474-1A3956D46DE8}") = "com", "com", "{B020ABB2-38A8-48BF-81B5-E017E9A045C8}"
EndProject
Project("{2150E333-8FDC-42A3-9474-1A3956D46DE8}") = "iluwatar", "iluwatar", "{66ADC52A-610B-48FA-B4CD-D4A0AD51C4B8}"
EndProject
Project("{2150E333-8FDC-42A3-9474-1A3956D46DE8}") = "unitofwork", "unitofwork", "{59B8A18D-91F2-4956-8C01-DCC72542BF7B}"
EndProject
Project("{FAE04EC0-301F-11D3-BF4B-00C04F79EFBC}") = "Unit-Of-Work", "src\main\java\com\iluwatar\unitofwork\Unit-Of-Work\Unit-Of-Work.csproj", "{D5ECFD9F-1A0B-4982-AFA3-50BE58095497}"
EndProject
Project("{2150E333-8FDC-42A3-9474-1A3956D46DE8}") = "test", "test", "{BEB3B233-6087-4BC1-9C61-4B77A1933889}"
EndProject
Project("{2150E333-8FDC-42A3-9474-1A3956D46DE8}") = "java", "java", "{49E82A4C-1C48-480F-81A9-13B3A8D3DDD3}"
EndProject
Project("{2150E333-8FDC-42A3-9474-1A3956D46DE8}") = "com", "com", "{25FDBCBD-5A6D-474A-AAB7-54650CFB4676}"
EndProject
Project("{2150E333-8FDC-42A3-9474-1A3956D46DE8}") = "iluwatar", "iluwatar", "{4FD09FA7-087C-41E4-8635-E494ABB449EC}"
EndProject
Project("{2150E333-8FDC-42A3-9474-1A3956D46DE8}") = "unitofwork", "unitofwork", "{EFEBB031-AB0F-4D40-91FC-FC14D0A994F4}"
EndProject
Project("{FAE04EC0-301F-11D3-BF4B-00C04F79EFBC}") = "Unit-Of-Work.Tests", "src\test\java\com\iluwatar\unitofwork\Unit-Of-Work.Tests\Unit-Of-Work.Tests.csproj", "{90FB01B0-BDD6-4C9A-9F12-0F8E1A73E4C2}"
EndProject
Global
	GlobalSection(SolutionConfigurationPlatforms) = preSolution
		Debug|Any CPU = Debug|Any CPU
		Release|Any CPU = Release|Any CPU
	EndGlobalSection
	GlobalSection(SolutionProperties) = preSolution
		HideSolutionNode = FALSE
	EndGlobalSection
	GlobalSection(ProjectConfigurationPlatforms) = postSolution
		{D5ECFD9F-1A0B-4982-AFA3-50BE58095497}.Debug|Any CPU.ActiveCfg = Debug|Any CPU
		{D5ECFD9F-1A0B-4982-AFA3-50BE58095497}.Debug|Any CPU.Build.0 = Debug|Any CPU
		{D5ECFD9F-1A0B-4982-AFA3-50BE58095497}.Release|Any CPU.ActiveCfg = Release|Any CPU
		{D5ECFD9F-1A0B-4982-AFA3-50BE58095497}.Release|Any CPU.Build.0 = Release|Any CPU
		{90FB01B0-BDD6-4C9A-9F12-0F8E1A73E4C2}.Debug|Any CPU.ActiveCfg = Debug|Any CPU
		{90FB01B0-BDD6-4C9A-9F12-0F8E1A73E4C2}.Debug|Any CPU.Build.0 = Debug|Any CPU
		{90FB01B0-BDD6-4C9A-9F12-0F8E1A73E4C2}.Release|Any CPU.ActiveCfg = Release|Any CPU
		{90FB01B0-BDD6-4C9A-9F12-0F8E1A73E4C2}.Release|Any CPU.Build.0 = Release|Any CPU
	EndGlobalSection
	GlobalSection(NestedProjects) = preSolution
		{551141E0-EBEA-4AF3-A0F6-EFFD177937C7} = {A424490A-4EAD-4229-BBA5-AC7740F90FBE}
		{331CEE90-021F-46FD-AA89-52F2E4BB2BC2} = {551141E0-EBEA-4AF3-A0F6-EFFD177937C7}
		{B020ABB2-38A8-48BF-81B5-E017E9A045C8} = {331CEE90-021F-46FD-AA89-52F2E4BB2BC2}
		{66ADC52A-610B-48FA-B4CD-D4A0AD51C4B8} = {B020ABB2-38A8-48BF-81B5-E017E9A045C8}
		{59B8A18D-91F2-4956-8C01-DCC72542BF7B} = {66ADC52A-610B-48FA-B4CD-D4A0AD51C4B8}
		{D5ECFD9F-1A0B-4982-AFA3-50BE58095497} = {59B8A18D-91F2-4956-8C01-DCC72542BF7B}
		{BEB3B233-6087-4BC1-9C61-4B77A1933889} = {A424490A-4EAD-4229-BBA5-AC7740F90FBE}
		{49E82A4C-1C48-480F-81A9-13B3A8D3DDD3} = {BEB3B233-6087-4BC1-9C61-4B77A1933889}
		{25FDBCBD-5A6D-474A-AAB7-54650CFB4676} = {49E82A4C-1C48-480F-81A9-13B3A8D3DDD3}
		{4FD09FA7-087C-41E4-8635-E494ABB449EC} = {25FDBCBD-5A6D-474A-AAB7-54650CFB4676}
		{EFEBB031-AB0F-4D40-91FC-FC14D0A994F4} = {4FD09FA7-087C-41E4-8635-E494ABB449EC}
		{90FB01B0-BDD6-4C9A-9F12-0F8E1A73E4C2} = {EFEBB031-AB0F-4D40-91FC-FC14D0A994F4}
	EndGlobalSection
EndGlobal
