
Microsoft Visual Studio Solution File, Format Version 12.00
# Visual Studio Version 17
VisualStudioVersion = 17.0.31903.59
MinimumVisualStudioVersion = 10.0.40219.1
Project("{2150E333-8FDC-42A3-9474-1A3956D46DE8}") = "src", "src", "{CC898BC1-0B74-4FF0-928E-E925B25FD8C6}"
EndProject
Project("{2150E333-8FDC-42A3-9474-1A3956D46DE8}") = "main", "main", "{83FA1015-D99E-4E9C-8E5F-CE8DD9C3342C}"
EndProject
Project("{2150E333-8FDC-42A3-9474-1A3956D46DE8}") = "java", "java", "{BDA8C6A4-9AF8-4D9D-BA38-28A8EAF7ED95}"
EndProject
Project("{2150E333-8FDC-42A3-9474-1A3956D46DE8}") = "com", "com", "{E90C2CF1-F86C-4E82-A5B6-546FE9138F2F}"
EndProject
Project("{2150E333-8FDC-42A3-9474-1A3956D46DE8}") = "iluwatar", "iluwatar", "{A1FB9312-5C9D-44B8-B617-728F1125236F}"
EndProject
Project("{2150E333-8FDC-42A3-9474-1A3956D46DE8}") = "decorator", "decorator", "{53E61E4C-7AB5-493D-B5C7-020A53EDF1D0}"
EndProject
Project("{FAE04EC0-301F-11D3-BF4B-00C04F79EFBC}") = "Decorator", "src\main\java\com\iluwatar\decorator\Decorator\Decorator.csproj", "{8DA11FB7-0358-4E1D-B659-BEC7877115C8}"
EndProject
Project("{2150E333-8FDC-42A3-9474-1A3956D46DE8}") = "test", "test", "{13CB8D13-4278-49EE-A7C9-4C952D509AE0}"
EndProject
Project("{2150E333-8FDC-42A3-9474-1A3956D46DE8}") = "java", "java", "{5206AD32-C5B6-4132-92CC-6A527594FE0E}"
EndProject
Project("{2150E333-8FDC-42A3-9474-1A3956D46DE8}") = "com", "com", "{FC8F91C0-4F5F-471F-A8B9-59F13ED993C9}"
EndProject
Project("{2150E333-8FDC-42A3-9474-1A3956D46DE8}") = "iluwatar", "iluwatar", "{C38575E0-D41A-45BD-B7FE-E838742F02EF}"
EndProject
Project("{2150E333-8FDC-42A3-9474-1A3956D46DE8}") = "decorator", "decorator", "{49ADB824-6380-4116-A8D7-75646C39DA89}"
EndProject
Project("{FAE04EC0-301F-11D3-BF4B-00C04F79EFBC}") = "Decorator.Tests", "src\test\java\com\iluwatar\decorator\Decorator.Tests\Decorator.Tests.csproj", "{2775C20B-3479-44C5-A9EA-E21723145783}"
EndProject
Global
	GlobalSection(SolutionConfigurationPlatforms) = preSolution
		Debug|Any CPU = Debug|Any CPU
		Release|Any CPU = Release|Any CPU
	EndGlobalSection
	GlobalSection(SolutionProperties) = preSolution
		HideSolutionNode = FALSE
	EndGlobalSection
	GlobalSection(ProjectConfigurationPlatforms) = postSolution
		{8DA11FB7-0358-4E1D-B659-BEC7877115C8}.Debug|Any CPU.ActiveCfg = Debug|Any CPU
		{8DA11FB7-0358-4E1D-B659-BEC7877115C8}.Debug|Any CPU.Build.0 = Debug|Any CPU
		{8DA11FB7-0358-4E1D-B659-BEC7877115C8}.Release|Any CPU.ActiveCfg = Release|Any CPU
		{8DA11FB7-0358-4E1D-B659-BEC7877115C8}.Release|Any CPU.Build.0 = Release|Any CPU
		{2775C20B-3479-44C5-A9EA-E21723145783}.Debug|Any CPU.ActiveCfg = Debug|Any CPU
		{2775C20B-3479-44C5-A9EA-E21723145783}.Debug|Any CPU.Build.0 = Debug|Any CPU
		{2775C20B-3479-44C5-A9EA-E21723145783}.Release|Any CPU.ActiveCfg = Release|Any CPU
		{2775C20B-3479-44C5-A9EA-E21723145783}.Release|Any CPU.Build.0 = Release|Any CPU
	EndGlobalSection
	GlobalSection(NestedProjects) = preSolution
		{83FA1015-D99E-4E9C-8E5F-CE8DD9C3342C} = {CC898BC1-0B74-4FF0-928E-E925B25FD8C6}
		{BDA8C6A4-9AF8-4D9D-BA38-28A8EAF7ED95} = {83FA1015-D99E-4E9C-8E5F-CE8DD9C3342C}
		{E90C2CF1-F86C-4E82-A5B6-546FE9138F2F} = {BDA8C6A4-9AF8-4D9D-BA38-28A8EAF7ED95}
		{A1FB9312-5C9D-44B8-B617-728F1125236F} = {E90C2CF1-F86C-4E82-A5B6-546FE9138F2F}
		{53E61E4C-7AB5-493D-B5C7-020A53EDF1D0} = {A1FB9312-5C9D-44B8-B617-728F1125236F}
		{8DA11FB7-0358-4E1D-B659-BEC7877115C8} = {53E61E4C-7AB5-493D-B5C7-020A53EDF1D0}
		{13CB8D13-4278-49EE-A7C9-4C952D509AE0} = {CC898BC1-0B74-4FF0-928E-E925B25FD8C6}
		{5206AD32-C5B6-4132-92CC-6A527594FE0E} = {13CB8D13-4278-49EE-A7C9-4C952D509AE0}
		{FC8F91C0-4F5F-471F-A8B9-59F13ED993C9} = {5206AD32-C5B6-4132-92CC-6A527594FE0E}
		{C38575E0-D41A-45BD-B7FE-E838742F02EF} = {FC8F91C0-4F5F-471F-A8B9-59F13ED993C9}
		{49ADB824-6380-4116-A8D7-75646C39DA89} = {C38575E0-D41A-45BD-B7FE-E838742F02EF}
		{2775C20B-3479-44C5-A9EA-E21723145783} = {49ADB824-6380-4116-A8D7-75646C39DA89}
	EndGlobalSection
EndGlobal
