
Microsoft Visual Studio Solution File, Format Version 12.00
# Visual Studio Version 17
VisualStudioVersion = 17.0.31903.59
MinimumVisualStudioVersion = 10.0.40219.1
Project("{2150E333-8FDC-42A3-9474-1A3956D46DE8}") = "src", "src", "{D4431FF5-832F-49E1-A914-786B292111CD}"
EndProject
Project("{2150E333-8FDC-42A3-9474-1A3956D46DE8}") = "main", "main", "{E4220375-BC1F-4C47-B601-BC32733413BD}"
EndProject
Project("{2150E333-8FDC-42A3-9474-1A3956D46DE8}") = "java", "java", "{376BF171-0F1F-40DC-9534-05B70606E085}"
EndProject
Project("{2150E333-8FDC-42A3-9474-1A3956D46DE8}") = "com", "com", "{96043C29-332B-4DE6-AE79-596BA07ED918}"
EndProject
Project("{2150E333-8FDC-42A3-9474-1A3956D46DE8}") = "iluwatar", "iluwatar", "{8F84284E-893D-4F52-9854-5B01EEDA827B}"
EndProject
Project("{2150E333-8FDC-42A3-9474-1A3956D46DE8}") = "partialresponse", "partialresponse", "{FE926448-49A8-4C79-ABB8-64984FB7BC16}"
EndProject
Project("{FAE04EC0-301F-11D3-BF4B-00C04F79EFBC}") = "Partial-Response", "src\main\java\com\iluwatar\partialresponse\Partial-Response\Partial-Response.csproj", "{DAC7B52F-14C5-47B5-ABB3-F5364F38501F}"
EndProject
Project("{2150E333-8FDC-42A3-9474-1A3956D46DE8}") = "test", "test", "{E7149DFA-E96C-45AF-98CF-4084C61016B3}"
EndProject
Project("{2150E333-8FDC-42A3-9474-1A3956D46DE8}") = "java", "java", "{6B8987E5-E8B2-41EE-9709-836CCFABB978}"
EndProject
Project("{2150E333-8FDC-42A3-9474-1A3956D46DE8}") = "com", "com", "{456D3D04-BF5C-4AC4-BD22-E64C99C3D901}"
EndProject
Project("{2150E333-8FDC-42A3-9474-1A3956D46DE8}") = "iluwatar", "iluwatar", "{6E0E5C10-7E83-4B40-A593-4B8460C8C6BC}"
EndProject
Project("{2150E333-8FDC-42A3-9474-1A3956D46DE8}") = "partialresponse", "partialresponse", "{9A19EE60-D8ED-42EF-BBDC-FA254691426D}"
EndProject
Project("{FAE04EC0-301F-11D3-BF4B-00C04F79EFBC}") = "Partial-Response.Tests", "src\test\java\com\iluwatar\partialresponse\Partial-Response.Tests\Partial-Response.Tests.csproj", "{8FB0CCA9-3BF6-44E2-B7C1-F147D0BE78C7}"
EndProject
Global
	GlobalSection(SolutionConfigurationPlatforms) = preSolution
		Debug|Any CPU = Debug|Any CPU
		Release|Any CPU = Release|Any CPU
	EndGlobalSection
	GlobalSection(SolutionProperties) = preSolution
		HideSolutionNode = FALSE
	EndGlobalSection
	GlobalSection(ProjectConfigurationPlatforms) = postSolution
		{DAC7B52F-14C5-47B5-ABB3-F5364F38501F}.Debug|Any CPU.ActiveCfg = Debug|Any CPU
		{DAC7B52F-14C5-47B5-ABB3-F5364F38501F}.Debug|Any CPU.Build.0 = Debug|Any CPU
		{DAC7B52F-14C5-47B5-ABB3-F5364F38501F}.Release|Any CPU.ActiveCfg = Release|Any CPU
		{DAC7B52F-14C5-47B5-ABB3-F5364F38501F}.Release|Any CPU.Build.0 = Release|Any CPU
		{8FB0CCA9-3BF6-44E2-B7C1-F147D0BE78C7}.Debug|Any CPU.ActiveCfg = Debug|Any CPU
		{8FB0CCA9-3BF6-44E2-B7C1-F147D0BE78C7}.Debug|Any CPU.Build.0 = Debug|Any CPU
		{8FB0CCA9-3BF6-44E2-B7C1-F147D0BE78C7}.Release|Any CPU.ActiveCfg = Release|Any CPU
		{8FB0CCA9-3BF6-44E2-B7C1-F147D0BE78C7}.Release|Any CPU.Build.0 = Release|Any CPU
	EndGlobalSection
	GlobalSection(NestedProjects) = preSolution
		{E4220375-BC1F-4C47-B601-BC32733413BD} = {D4431FF5-832F-49E1-A914-786B292111CD}
		{376BF171-0F1F-40DC-9534-05B70606E085} = {E4220375-BC1F-4C47-B601-BC32733413BD}
		{96043C29-332B-4DE6-AE79-596BA07ED918} = {376BF171-0F1F-40DC-9534-05B70606E085}
		{8F84284E-893D-4F52-9854-5B01EEDA827B} = {96043C29-332B-4DE6-AE79-596BA07ED918}
		{FE926448-49A8-4C79-ABB8-64984FB7BC16} = {8F84284E-893D-4F52-9854-5B01EEDA827B}
		{DAC7B52F-14C5-47B5-ABB3-F5364F38501F} = {FE926448-49A8-4C79-ABB8-64984FB7BC16}
		{E7149DFA-E96C-45AF-98CF-4084C61016B3} = {D4431FF5-832F-49E1-A914-786B292111CD}
		{6B8987E5-E8B2-41EE-9709-836CCFABB978} = {E7149DFA-E96C-45AF-98CF-4084C61016B3}
		{456D3D04-BF5C-4AC4-BD22-E64C99C3D901} = {6B8987E5-E8B2-41EE-9709-836CCFABB978}
		{6E0E5C10-7E83-4B40-A593-4B8460C8C6BC} = {456D3D04-BF5C-4AC4-BD22-E64C99C3D901}
		{9A19EE60-D8ED-42EF-BBDC-FA254691426D} = {6E0E5C10-7E83-4B40-A593-4B8460C8C6BC}
		{8FB0CCA9-3BF6-44E2-B7C1-F147D0BE78C7} = {9A19EE60-D8ED-42EF-BBDC-FA254691426D}
	EndGlobalSection
EndGlobal
